{
  "version": 4,
  "terraform_version": "1.3.7",
  "serial": 16,
  "lineage": "f255a7e4-4d75-f84a-1873-6e0af470c1d2",
  "outputs": {
    "vpc_endpoints": {
      "value": {
        "s3": {
          "arn": "arn:aws:ec2:us-east-1:484752921218:vpc-endpoint/vpce-01bacb72d0409b466",
          "auto_accept": null,
          "cidr_blocks": [
            "16.182.0.0/16",
            "18.34.0.0/19",
            "52.216.0.0/15",
            "54.231.0.0/16",
            "3.5.0.0/19",
            "18.34.232.0/21"
          ],
          "dns_entry": [],
          "dns_options": [],
          "id": "vpce-01bacb72d0409b466",
          "ip_address_type": "",
          "network_interface_ids": [],
          "owner_id": "484752921218",
          "policy": "{\"Statement\":[{\"Action\":\"s3:*\",\"Condition\":{\"StringNotEquals\":{\"aws:sourceVpce\":\"vpc-06ab4d4d91b06b4c7\"}},\"Effect\":\"Deny\",\"Principal\":\"*\",\"Resource\":\"*\",\"Sid\":\"\"}],\"Version\":\"2012-10-17\"}",
          "prefix_list_id": "pl-63a5400a",
          "private_dns_enabled": false,
          "requester_managed": false,
          "route_table_ids": [
            "rtb-083c954b3593bdf1a"
          ],
          "security_group_ids": [],
          "service_name": "com.amazonaws.us-east-1.s3",
          "state": "available",
          "subnet_ids": [],
          "tags": {
            "Endpoint": "true",
            "Name": "s3-vpc-endpoint",
            "Project": "Secret",
            "environment": "test",
            "owners": "share"
          },
          "tags_all": {
            "Endpoint": "true",
            "Name": "s3-vpc-endpoint",
            "Project": "Secret",
            "environment": "test",
            "owners": "share"
          },
          "timeouts": {
            "create": "10m",
            "delete": "10m",
            "update": "10m"
          },
          "vpc_endpoint_type": "Gateway",
          "vpc_id": "vpc-06ab4d4d91b06b4c7"
        },
        "ssm": {
          "arn": "arn:aws:ec2:us-east-1:484752921218:vpc-endpoint/vpce-0a701c8742364e139",
          "auto_accept": null,
          "cidr_blocks": [],
          "dns_entry": [],
          "dns_options": [
            {
              "dns_record_ip_type": "ipv4"
            }
          ],
          "id": "vpce-0a701c8742364e139",
          "ip_address_type": "ipv4",
          "network_interface_ids": [],
          "owner_id": "484752921218",
          "policy": "{\"Statement\":[{\"Action\":\"*\",\"Effect\":\"Allow\",\"Principal\":\"*\",\"Resource\":\"*\"}]}",
          "prefix_list_id": null,
          "private_dns_enabled": true,
          "requester_managed": false,
          "route_table_ids": [],
          "security_group_ids": [
            "sg-017e4986785475129",
            "sg-01fe97ea81a3181b0"
          ],
          "service_name": "com.amazonaws.us-east-1.ssm",
          "state": "available",
          "subnet_ids": [],
          "tags": {
            "Endpoint": "true",
            "Project": "Secret",
            "environment": "test",
            "owners": "share"
          },
          "tags_all": {
            "Endpoint": "true",
            "Project": "Secret",
            "environment": "test",
            "owners": "share"
          },
          "timeouts": {
            "create": "10m",
            "delete": "10m",
            "update": "10m"
          },
          "vpc_endpoint_type": "Interface",
          "vpc_id": "vpc-06ab4d4d91b06b4c7"
        }
      },
      "type": [
        "object",
        {
          "s3": [
            "object",
            {
              "arn": "string",
              "auto_accept": "bool",
              "cidr_blocks": [
                "list",
                "string"
              ],
              "dns_entry": [
                "list",
                [
                  "object",
                  {
                    "dns_name": "string",
                    "hosted_zone_id": "string"
                  }
                ]
              ],
              "dns_options": [
                "list",
                [
                  "object",
                  {
                    "dns_record_ip_type": "string"
                  }
                ]
              ],
              "id": "string",
              "ip_address_type": "string",
              "network_interface_ids": [
                "set",
                "string"
              ],
              "owner_id": "string",
              "policy": "string",
              "prefix_list_id": "string",
              "private_dns_enabled": "bool",
              "requester_managed": "bool",
              "route_table_ids": [
                "set",
                "string"
              ],
              "security_group_ids": [
                "set",
                "string"
              ],
              "service_name": "string",
              "state": "string",
              "subnet_ids": [
                "set",
                "string"
              ],
              "tags": [
                "map",
                "string"
              ],
              "tags_all": [
                "map",
                "string"
              ],
              "timeouts": [
                "object",
                {
                  "create": "string",
                  "delete": "string",
                  "update": "string"
                }
              ],
              "vpc_endpoint_type": "string",
              "vpc_id": "string"
            }
          ],
          "ssm": [
            "object",
            {
              "arn": "string",
              "auto_accept": "bool",
              "cidr_blocks": [
                "list",
                "string"
              ],
              "dns_entry": [
                "list",
                [
                  "object",
                  {
                    "dns_name": "string",
                    "hosted_zone_id": "string"
                  }
                ]
              ],
              "dns_options": [
                "list",
                [
                  "object",
                  {
                    "dns_record_ip_type": "string"
                  }
                ]
              ],
              "id": "string",
              "ip_address_type": "string",
              "network_interface_ids": [
                "set",
                "string"
              ],
              "owner_id": "string",
              "policy": "string",
              "prefix_list_id": "string",
              "private_dns_enabled": "bool",
              "requester_managed": "bool",
              "route_table_ids": [
                "set",
                "string"
              ],
              "security_group_ids": [
                "set",
                "string"
              ],
              "service_name": "string",
              "state": "string",
              "subnet_ids": [
                "set",
                "string"
              ],
              "tags": [
                "map",
                "string"
              ],
              "tags_all": [
                "map",
                "string"
              ],
              "timeouts": [
                "object",
                {
                  "create": "string",
                  "delete": "string",
                  "update": "string"
                }
              ],
              "vpc_endpoint_type": "string",
              "vpc_id": "string"
            }
          ]
        }
      ]
    }
  },
  "resources": [
    {
      "mode": "data",
      "type": "aws_iam_policy_document",
      "name": "dynamodb_endpoint_policy",
      "provider": "provider[\"registry.terraform.io/hashicorp/aws\"]",
      "instances": [
        {
          "schema_version": 0,
          "attributes": {
            "id": "3225978335",
            "json": "{\n  \"Version\": \"2012-10-17\",\n  \"Statement\": [\n    {\n      \"Sid\": \"\",\n      \"Effect\": \"Deny\",\n      \"Action\": \"dynamodb:*\",\n      \"Resource\": \"*\",\n      \"Principal\": \"*\",\n      \"Condition\": {\n        \"StringNotEquals\": {\n          \"aws:sourceVpce\": \"vpc-06ab4d4d91b06b4c7\"\n        }\n      }\n    }\n  ]\n}",
            "override_json": null,
            "override_policy_documents": null,
            "policy_id": null,
            "source_json": null,
            "source_policy_documents": null,
            "statement": [
              {
                "actions": [
                  "dynamodb:*"
                ],
                "condition": [
                  {
                    "test": "StringNotEquals",
                    "values": [
                      "vpc-06ab4d4d91b06b4c7"
                    ],
                    "variable": "aws:sourceVpce"
                  }
                ],
                "effect": "Deny",
                "not_actions": [],
                "not_principals": [],
                "not_resources": [],
                "principals": [
                  {
                    "identifiers": [
                      "*"
                    ],
                    "type": "*"
                  }
                ],
                "resources": [
                  "*"
                ],
                "sid": ""
              }
            ],
            "version": "2012-10-17"
          },
          "sensitive_attributes": []
        }
      ]
    },
    {
      "mode": "data",
      "type": "aws_iam_policy_document",
      "name": "generic_endpoint_policy",
      "provider": "provider[\"registry.terraform.io/hashicorp/aws\"]",
      "instances": [
        {
          "schema_version": 0,
          "attributes": {
            "id": "4171893659",
            "json": "{\n  \"Version\": \"2012-10-17\",\n  \"Statement\": [\n    {\n      \"Sid\": \"\",\n      \"Effect\": \"Deny\",\n      \"Action\": \"*\",\n      \"Resource\": \"*\",\n      \"Principal\": \"*\",\n      \"Condition\": {\n        \"StringNotEquals\": {\n          \"aws:SourceVpc\": \"vpc-06ab4d4d91b06b4c7\"\n        }\n      }\n    }\n  ]\n}",
            "override_json": null,
            "override_policy_documents": null,
            "policy_id": null,
            "source_json": null,
            "source_policy_documents": null,
            "statement": [
              {
                "actions": [
                  "*"
                ],
                "condition": [
                  {
                    "test": "StringNotEquals",
                    "values": [
                      "vpc-06ab4d4d91b06b4c7"
                    ],
                    "variable": "aws:SourceVpc"
                  }
                ],
                "effect": "Deny",
                "not_actions": [],
                "not_principals": [],
                "not_resources": [],
                "principals": [
                  {
                    "identifiers": [
                      "*"
                    ],
                    "type": "*"
                  }
                ],
                "resources": [
                  "*"
                ],
                "sid": ""
              }
            ],
            "version": "2012-10-17"
          },
          "sensitive_attributes": []
        }
      ]
    },
    {
      "mode": "data",
      "type": "aws_iam_policy_document",
      "name": "s3_endpoint_policy",
      "provider": "provider[\"registry.terraform.io/hashicorp/aws\"]",
      "instances": [
        {
          "schema_version": 0,
          "attributes": {
            "id": "1750571728",
            "json": "{\n  \"Version\": \"2012-10-17\",\n  \"Statement\": [\n    {\n      \"Sid\": \"\",\n      \"Effect\": \"Deny\",\n      \"Action\": \"s3:*\",\n      \"Resource\": \"*\",\n      \"Principal\": \"*\",\n      \"Condition\": {\n        \"StringNotEquals\": {\n          \"aws:sourceVpce\": \"vpc-06ab4d4d91b06b4c7\"\n        }\n      }\n    }\n  ]\n}",
            "override_json": null,
            "override_policy_documents": null,
            "policy_id": null,
            "source_json": null,
            "source_policy_documents": null,
            "statement": [
              {
                "actions": [
                  "s3:*"
                ],
                "condition": [
                  {
                    "test": "StringNotEquals",
                    "values": [
                      "vpc-06ab4d4d91b06b4c7"
                    ],
                    "variable": "aws:sourceVpce"
                  }
                ],
                "effect": "Deny",
                "not_actions": [],
                "not_principals": [],
                "not_resources": [],
                "principals": [
                  {
                    "identifiers": [
                      "*"
                    ],
                    "type": "*"
                  }
                ],
                "resources": [
                  "*"
                ],
                "sid": ""
              }
            ],
            "version": "2012-10-17"
          },
          "sensitive_attributes": []
        }
      ]
    },
    {
      "mode": "data",
      "type": "aws_security_group",
      "name": "default",
      "provider": "provider[\"registry.terraform.io/hashicorp/aws\"]",
      "instances": [
        {
          "schema_version": 0,
          "attributes": {
            "arn": "arn:aws:ec2:us-east-1:484752921218:security-group/sg-01fe97ea81a3181b0",
            "description": "default VPC security group",
            "filter": null,
            "id": "sg-01fe97ea81a3181b0",
            "name": "default",
            "tags": {},
            "timeouts": null,
            "vpc_id": "vpc-06ab4d4d91b06b4c7"
          },
          "sensitive_attributes": []
        }
      ]
    },
    {
      "mode": "data",
      "type": "aws_subnets",
      "name": "selected",
      "provider": "provider[\"registry.terraform.io/hashicorp/aws\"]",
      "instances": [
        {
          "schema_version": 0,
          "attributes": {
            "filter": [
              {
                "name": "tag:Name",
                "values": []
              },
              {
                "name": "vpc-id",
                "values": [
                  "vpc-06ab4d4d91b06b4c7"
                ]
              }
            ],
            "id": "us-east-1",
            "ids": [],
            "tags": null,
            "timeouts": null
          },
          "sensitive_attributes": []
        }
      ]
    },
    {
      "mode": "managed",
      "type": "aws_security_group",
      "name": "vpc_tls",
      "provider": "provider[\"registry.terraform.io/hashicorp/aws\"]",
      "instances": [
        {
          "schema_version": 1,
          "attributes": {
            "arn": "arn:aws:ec2:us-east-1:484752921218:security-group/sg-017e4986785475129",
            "description": "Allow TLS inbound traffic",
            "egress": [],
            "id": "sg-017e4986785475129",
            "ingress": [
              {
                "cidr_blocks": [
                  "172.31.0.0/16"
                ],
                "description": "TLS from VPC",
                "from_port": 443,
                "ipv6_cidr_blocks": [],
                "prefix_list_ids": [],
                "protocol": "tcp",
                "security_groups": [],
                "self": false,
                "to_port": 443
              }
            ],
            "name": "share-test-vpc_tls20230314182239443500000001",
            "name_prefix": "share-test-vpc_tls",
            "owner_id": "484752921218",
            "revoke_rules_on_delete": false,
            "tags": {
              "environment": "test",
              "owners": "share"
            },
            "tags_all": {
              "environment": "test",
              "owners": "share"
            },
            "timeouts": null,
            "vpc_id": "vpc-06ab4d4d91b06b4c7"
          },
          "sensitive_attributes": [],
          "private": "eyJlMmJmYjczMC1lY2FhLTExZTYtOGY4OC0zNDM2M2JjN2M0YzAiOnsiY3JlYXRlIjo2MDAwMDAwMDAwMDAsImRlbGV0ZSI6OTAwMDAwMDAwMDAwfSwic2NoZW1hX3ZlcnNpb24iOiIxIn0="
        }
      ]
    },
    {
      "module": "module.vpc_endpoints",
      "mode": "data",
      "type": "aws_vpc_endpoint_service",
      "name": "this",
      "provider": "provider[\"registry.terraform.io/hashicorp/aws\"]",
      "instances": [
        {
          "index_key": "s3",
          "schema_version": 0,
          "attributes": {
            "acceptance_required": false,
            "arn": "arn:aws:ec2:us-east-1:484752921218:vpc-endpoint-service/vpce-svc-0aa7c06513d4872d5",
            "availability_zones": [
              "us-east-1a",
              "us-east-1b",
              "us-east-1c",
              "us-east-1d",
              "us-east-1e",
              "us-east-1f"
            ],
            "base_endpoint_dns_names": [
              "s3.us-east-1.amazonaws.com"
            ],
            "filter": [
              {
                "name": "service-type",
                "values": [
                  "Gateway"
                ]
              }
            ],
            "id": "195798706",
            "manages_vpc_endpoints": false,
            "owner": "amazon",
            "private_dns_name": "",
            "service": "s3",
            "service_id": "vpce-svc-0aa7c06513d4872d5",
            "service_name": "com.amazonaws.us-east-1.s3",
            "service_type": "Gateway",
            "supported_ip_address_types": [
              "ipv4"
            ],
            "tags": {},
            "timeouts": null,
            "vpc_endpoint_policy_supported": true
          },
          "sensitive_attributes": []
        },
        {
          "index_key": "ssm",
          "schema_version": 0,
          "attributes": {
            "acceptance_required": false,
            "arn": "arn:aws:ec2:us-east-1:484752921218:vpc-endpoint-service/vpce-svc-0830e78121d7f5a46",
            "availability_zones": [
              "us-east-1a",
              "us-east-1b",
              "us-east-1c",
              "us-east-1d",
              "us-east-1e",
              "us-east-1f"
            ],
            "base_endpoint_dns_names": [
              "ssm.us-east-1.vpce.amazonaws.com"
            ],
            "filter": [
              {
                "name": "service-type",
                "values": [
                  "Interface"
                ]
              }
            ],
            "id": "874300523",
            "manages_vpc_endpoints": false,
            "owner": "amazon",
            "private_dns_name": "ssm.us-east-1.amazonaws.com",
            "service": "ssm",
            "service_id": "vpce-svc-0830e78121d7f5a46",
            "service_name": "com.amazonaws.us-east-1.ssm",
            "service_type": "Interface",
            "supported_ip_address_types": [
              "ipv4"
            ],
            "tags": {},
            "timeouts": null,
            "vpc_endpoint_policy_supported": true
          },
          "sensitive_attributes": []
        }
      ]
    },
    {
      "module": "module.vpc_endpoints",
      "mode": "managed",
      "type": "aws_vpc_endpoint",
      "name": "this",
      "provider": "provider[\"registry.terraform.io/hashicorp/aws\"]",
      "instances": [
        {
          "index_key": "s3",
          "schema_version": 0,
          "attributes": {
            "arn": "arn:aws:ec2:us-east-1:484752921218:vpc-endpoint/vpce-01bacb72d0409b466",
            "auto_accept": null,
            "cidr_blocks": [
              "16.182.0.0/16",
              "18.34.0.0/19",
              "52.216.0.0/15",
              "54.231.0.0/16",
              "3.5.0.0/19",
              "18.34.232.0/21"
            ],
            "dns_entry": [],
            "dns_options": [],
            "id": "vpce-01bacb72d0409b466",
            "ip_address_type": "",
            "network_interface_ids": [],
            "owner_id": "484752921218",
            "policy": "{\"Statement\":[{\"Action\":\"s3:*\",\"Condition\":{\"StringNotEquals\":{\"aws:sourceVpce\":\"vpc-06ab4d4d91b06b4c7\"}},\"Effect\":\"Deny\",\"Principal\":\"*\",\"Resource\":\"*\",\"Sid\":\"\"}],\"Version\":\"2012-10-17\"}",
            "prefix_list_id": "pl-63a5400a",
            "private_dns_enabled": false,
            "requester_managed": false,
            "route_table_ids": [
              "rtb-083c954b3593bdf1a"
            ],
            "security_group_ids": [],
            "service_name": "com.amazonaws.us-east-1.s3",
            "state": "available",
            "subnet_ids": [],
            "tags": {
              "Endpoint": "true",
              "Name": "s3-vpc-endpoint",
              "Project": "Secret",
              "environment": "test",
              "owners": "share"
            },
            "tags_all": {
              "Endpoint": "true",
              "Name": "s3-vpc-endpoint",
              "Project": "Secret",
              "environment": "test",
              "owners": "share"
            },
            "timeouts": {
              "create": "10m",
              "delete": "10m",
              "update": "10m"
            },
            "vpc_endpoint_type": "Gateway",
            "vpc_id": "vpc-06ab4d4d91b06b4c7"
          },
          "sensitive_attributes": [],
          "private": "eyJlMmJmYjczMC1lY2FhLTExZTYtOGY4OC0zNDM2M2JjN2M0YzAiOnsiY3JlYXRlIjo2MDAwMDAwMDAwMDAsImRlbGV0ZSI6NjAwMDAwMDAwMDAwLCJ1cGRhdGUiOjYwMDAwMDAwMDAwMH19",
          "dependencies": [
            "aws_security_group.vpc_tls",
            "data.aws_iam_policy_document.dynamodb_endpoint_policy",
            "data.aws_iam_policy_document.generic_endpoint_policy",
            "data.aws_iam_policy_document.s3_endpoint_policy",
            "data.aws_security_group.default",
            "data.aws_subnets.selected",
            "module.vpc_endpoints.data.aws_vpc_endpoint_service.this"
          ]
        },
        {
          "index_key": "ssm",
          "schema_version": 0,
          "attributes": {
            "arn": "arn:aws:ec2:us-east-1:484752921218:vpc-endpoint/vpce-0a701c8742364e139",
            "auto_accept": null,
            "cidr_blocks": [],
            "dns_entry": [],
            "dns_options": [
              {
                "dns_record_ip_type": "ipv4"
              }
            ],
            "id": "vpce-0a701c8742364e139",
            "ip_address_type": "ipv4",
            "network_interface_ids": [],
            "owner_id": "484752921218",
            "policy": "{\"Statement\":[{\"Action\":\"*\",\"Effect\":\"Allow\",\"Principal\":\"*\",\"Resource\":\"*\"}]}",
            "prefix_list_id": null,
            "private_dns_enabled": true,
            "requester_managed": false,
            "route_table_ids": [],
            "security_group_ids": [
              "sg-017e4986785475129",
              "sg-01fe97ea81a3181b0"
            ],
            "service_name": "com.amazonaws.us-east-1.ssm",
            "state": "available",
            "subnet_ids": [],
            "tags": {
              "Endpoint": "true",
              "Project": "Secret",
              "environment": "test",
              "owners": "share"
            },
            "tags_all": {
              "Endpoint": "true",
              "Project": "Secret",
              "environment": "test",
              "owners": "share"
            },
            "timeouts": {
              "create": "10m",
              "delete": "10m",
              "update": "10m"
            },
            "vpc_endpoint_type": "Interface",
            "vpc_id": "vpc-06ab4d4d91b06b4c7"
          },
          "sensitive_attributes": [],
          "private": "eyJlMmJmYjczMC1lY2FhLTExZTYtOGY4OC0zNDM2M2JjN2M0YzAiOnsiY3JlYXRlIjo2MDAwMDAwMDAwMDAsImRlbGV0ZSI6NjAwMDAwMDAwMDAwLCJ1cGRhdGUiOjYwMDAwMDAwMDAwMH19",
          "dependencies": [
            "aws_security_group.vpc_tls",
            "data.aws_iam_policy_document.dynamodb_endpoint_policy",
            "data.aws_iam_policy_document.generic_endpoint_policy",
            "data.aws_iam_policy_document.s3_endpoint_policy",
            "data.aws_security_group.default",
            "data.aws_subnets.selected",
            "module.vpc_endpoints.data.aws_vpc_endpoint_service.this"
          ]
        }
      ]
    }
  ],
  "check_results": null
}
